{
  "originHash" : "426c39e10043d4a795f7858a69bd8f0f5077b0fd8ad1be7da1d11d4f57bcc30b",
  "pins" : [
    {
      "identity" : "enablexwebrtc",
      "kind" : "remoteSourceControl",
      "location" : "https://github.com/EnableX/EnablexWebRTC.git",
      "state" : {
        "revision" : "1b52de85e484ef8e41ed18eb26f7506aca4b8afa",
        "version" : "2.0.2"
      }
    },
    {
      "identity" : "enx_uikit_ios",
      "kind" : "remoteSourceControl",
      "location" : "https://github.com/EnableX/Enx_UIKit_iOS.git",
      "state" : {
        "revision" : "bb71180afb4178d02641512552ff4012081acb8f",
        "version" : "2.2.2"
      }
    },
    {
      "identity" : "enxrtcios",
      "kind" : "remoteSourceControl",
      "location" : "https://github.com/EnableX/EnxRTCiOS.git",
      "state" : {
        "revision" : "22f1fec7e500b646f492f272255e9466bf3aeabe",
        "version" : "3.1.5"
      }
    }
  ],
  "version" : 3
}
